Microsoft Visual Studio Solution File, Format Version 12.00
# Visual Studio 15
VisualStudioVersion = 15.0.26403.7
MinimumVisualStudioVersion = 15.0.26124.0
Project("{2150E333-8FDC-42A3-9474-1A3956D46DE8}") = "src", "src", "{D5E3661C-2C87-4354-AE74-5854BAFDC2DB}"
EndProject
Project("{9A19103F-16F7-4668-BE54-9A1E7A4F7556}") = "Actio.Api", "src\Actio.Api\Actio.Api.csproj", "{B6C70ED5-629A-4F05-908F-BE5F854E7E73}"
EndProject
Project("{9A19103F-16F7-4668-BE54-9A1E7A4F7556}") = "Actio.Common", "src\Actio.Common\Actio.Common.csproj", "{3015AF7B-86F9-4BEC-9E03-F7D77CE4DCC0}"
EndProject
Project("{9A19103F-16F7-4668-BE54-9A1E7A4F7556}") = "Actio.Services.Activities", "src\Actio.Services.Activities\Actio.Services.Activities.csproj", "{58669C58-0613-4518-BB46-EB31D8DD70C6}"
EndProject
Project("{9A19103F-16F7-4668-BE54-9A1E7A4F7556}") = "Actio.Services.Identity", "src\Actio.Services.Identity\Actio.Services.Identity.csproj", "{C78913B1-D67A-4B24-BD69-58F97B7E6E6F}"
EndProject
Global
	GlobalSection(SolutionConfigurationPlatforms) = preSolution
		Debug|Any CPU = Debug|Any CPU
		Debug|x64 = Debug|x64
		Debug|x86 = Debug|x86
		Release|Any CPU = Release|Any CPU
		Release|x64 = Release|x64
		Release|x86 = Release|x86
	EndGlobalSection
	GlobalSection(ProjectConfigurationPlatforms) = postSolution
		{B6C70ED5-629A-4F05-908F-BE5F854E7E73}.Debug|Any CPU.ActiveCfg = Debug|Any CPU
		{B6C70ED5-629A-4F05-908F-BE5F854E7E73}.Debug|Any CPU.Build.0 = Debug|Any CPU
		{B6C70ED5-629A-4F05-908F-BE5F854E7E73}.Debug|x64.ActiveCfg = Debug|Any CPU
		{B6C70ED5-629A-4F05-908F-BE5F854E7E73}.Debug|x64.Build.0 = Debug|Any CPU
		{B6C70ED5-629A-4F05-908F-BE5F854E7E73}.Debug|x86.ActiveCfg = Debug|Any CPU
		{B6C70ED5-629A-4F05-908F-BE5F854E7E73}.Debug|x86.Build.0 = Debug|Any CPU
		{B6C70ED5-629A-4F05-908F-BE5F854E7E73}.Release|Any CPU.ActiveCfg = Release|Any CPU
		{B6C70ED5-629A-4F05-908F-BE5F854E7E73}.Release|Any CPU.Build.0 = Release|Any CPU
		{B6C70ED5-629A-4F05-908F-BE5F854E7E73}.Release|x64.ActiveCfg = Release|Any CPU
		{B6C70ED5-629A-4F05-908F-BE5F854E7E73}.Release|x64.Build.0 = Release|Any CPU
		{B6C70ED5-629A-4F05-908F-BE5F854E7E73}.Release|x86.ActiveCfg = Release|Any CPU
		{B6C70ED5-629A-4F05-908F-BE5F854E7E73}.Release|x86.Build.0 = Release|Any CPU
		{3015AF7B-86F9-4BEC-9E03-F7D77CE4DCC0}.Debug|Any CPU.ActiveCfg = Debug|Any CPU
		{3015AF7B-86F9-4BEC-9E03-F7D77CE4DCC0}.Debug|Any CPU.Build.0 = Debug|Any CPU
		{3015AF7B-86F9-4BEC-9E03-F7D77CE4DCC0}.Debug|x64.ActiveCfg = Debug|Any CPU
		{3015AF7B-86F9-4BEC-9E03-F7D77CE4DCC0}.Debug|x64.Build.0 = Debug|Any CPU
		{3015AF7B-86F9-4BEC-9E03-F7D77CE4DCC0}.Debug|x86.ActiveCfg = Debug|Any CPU
		{3015AF7B-86F9-4BEC-9E03-F7D77CE4DCC0}.Debug|x86.Build.0 = Debug|Any CPU
		{3015AF7B-86F9-4BEC-9E03-F7D77CE4DCC0}.Release|Any CPU.ActiveCfg = Release|Any CPU
		{3015AF7B-86F9-4BEC-9E03-F7D77CE4DCC0}.Release|Any CPU.Build.0 = Release|Any CPU
		{3015AF7B-86F9-4BEC-9E03-F7D77CE4DCC0}.Release|x64.ActiveCfg = Release|Any CPU
		{3015AF7B-86F9-4BEC-9E03-F7D77CE4DCC0}.Release|x64.Build.0 = Release|Any CPU
		{3015AF7B-86F9-4BEC-9E03-F7D77CE4DCC0}.Release|x86.ActiveCfg = Release|Any CPU
		{3015AF7B-86F9-4BEC-9E03-F7D77CE4DCC0}.Release|x86.Build.0 = Release|Any CPU
		{58669C58-0613-4518-BB46-EB31D8DD70C6}.Debug|Any CPU.ActiveCfg = Debug|Any CPU
		{58669C58-0613-4518-BB46-EB31D8DD70C6}.Debug|Any CPU.Build.0 = Debug|Any CPU
		{58669C58-0613-4518-BB46-EB31D8DD70C6}.Debug|x64.ActiveCfg = Debug|Any CPU
		{58669C58-0613-4518-BB46-EB31D8DD70C6}.Debug|x64.Build.0 = Debug|Any CPU
		{58669C58-0613-4518-BB46-EB31D8DD70C6}.Debug|x86.ActiveCfg = Debug|Any CPU
		{58669C58-0613-4518-BB46-EB31D8DD70C6}.Debug|x86.Build.0 = Debug|Any CPU
		{58669C58-0613-4518-BB46-EB31D8DD70C6}.Release|Any CPU.ActiveCfg = Release|Any CPU
		{58669C58-0613-4518-BB46-EB31D8DD70C6}.Release|Any CPU.Build.0 = Release|Any CPU
		{58669C58-0613-4518-BB46-EB31D8DD70C6}.Release|x64.ActiveCfg = Release|Any CPU
		{58669C58-0613-4518-BB46-EB31D8DD70C6}.Release|x64.Build.0 = Release|Any CPU
		{58669C58-0613-4518-BB46-EB31D8DD70C6}.Release|x86.ActiveCfg = Release|Any CPU
		{58669C58-0613-4518-BB46-EB31D8DD70C6}.Release|x86.Build.0 = Release|Any CPU
		{C78913B1-D67A-4B24-BD69-58F97B7E6E6F}.Debug|Any CPU.ActiveCfg = Debug|Any CPU
		{C78913B1-D67A-4B24-BD69-58F97B7E6E6F}.Debug|Any CPU.Build.0 = Debug|Any CPU
		{C78913B1-D67A-4B24-BD69-58F97B7E6E6F}.Debug|x64.ActiveCfg = Debug|Any CPU
		{C78913B1-D67A-4B24-BD69-58F97B7E6E6F}.Debug|x64.Build.0 = Debug|Any CPU
		{C78913B1-D67A-4B24-BD69-58F97B7E6E6F}.Debug|x86.ActiveCfg = Debug|Any CPU
		{C78913B1-D67A-4B24-BD69-58F97B7E6E6F}.Debug|x86.Build.0 = Debug|Any CPU
		{C78913B1-D67A-4B24-BD69-58F97B7E6E6F}.Release|Any CPU.ActiveCfg = Release|Any CPU
		{C78913B1-D67A-4B24-BD69-58F97B7E6E6F}.Release|Any CPU.Build.0 = Release|Any CPU
		{C78913B1-D67A-4B24-BD69-58F97B7E6E6F}.Release|x64.ActiveCfg = Release|Any CPU
		{C78913B1-D67A-4B24-BD69-58F97B7E6E6F}.Release|x64.Build.0 = Release|Any CPU
		{C78913B1-D67A-4B24-BD69-58F97B7E6E6F}.Release|x86.ActiveCfg = Release|Any CPU
		{C78913B1-D67A-4B24-BD69-58F97B7E6E6F}.Release|x86.Build.0 = Release|Any CPU
	EndGlobalSection
	GlobalSection(SolutionProperties) = preSolution
		HideSolutionNode = FALSE
	EndGlobalSection
	GlobalSection(NestedProjects) = preSolution
		{B6C70ED5-629A-4F05-908F-BE5F854E7E73} = {D5E3661C-2C87-4354-AE74-5854BAFDC2DB}
		{3015AF7B-86F9-4BEC-9E03-F7D77CE4DCC0} = {D5E3661C-2C87-4354-AE74-5854BAFDC2DB}
		{58669C58-0613-4518-BB46-EB31D8DD70C6} = {D5E3661C-2C87-4354-AE74-5854BAFDC2DB}
		{C78913B1-D67A-4B24-BD69-58F97B7E6E6F} = {D5E3661C-2C87-4354-AE74-5854BAFDC2DB}
	EndGlobalSection
EndGlobal
